PODS:
  - FMDB (2.0):
    - FMDB/standard
  - FMDB/common (2.0)
  - FMDB/standard (2.0):
    - FMDB/common
  - JRSwizzle (1.0)
  - SenTestingKitAsync (1.0.3)

DEPENDENCIES:
  - FMDB (~> 2.0)
  - JRSwizzle (~> 1.0)
  - SenTestingKitAsync (~> 1.0)

SPEC CHECKSUMS:
  FMDB: 30a7cbcdbd354f5ee1ba081a8773fd9130c43b48
  JRSwizzle: 6242ff38485d870fc2636899048ee1ab883ae587
  SenTestingKitAsync: 09534229d284c6990b5814ab6a4b283e2ddccd46

COCOAPODS: 0.19.1
