// !$*UTF8*$!
{
	archiveVersion = 1;
	classes = {
	};
	objectVersion = 46;
	objects = {

/* Begin PBXBuildFile section */
		AA06123C04534835AA58BF23 /* libPods-CocoaORMTests.a in Frameworks */ = {isa = PBXBuildFile; fileRef = CCEA1728B22041F794BDE03D /* libPods-CocoaORMTests.a */; };
		CB0DCC344F974A6E86D6E30B /* libPods.a in Frameworks */ = {isa = PBXBuildFile; fileRef = 7EB0015D57414CF396DE7C6B /* libPods.a */; };
		F6034C0B172DA2C4002802F2 /* Cocoa.framework in Frameworks */ = {isa = PBXBuildFile; fileRef = F6034C0A172DA2C4002802F2 /* Cocoa.framework */; };
		F6034C15172DA2C4002802F2 /* InfoPlist.strings in Resources */ = {isa = PBXBuildFile; fileRef = F6034C13172DA2C4002802F2 /* InfoPlist.strings */; };
		F6034C21172DA2C4002802F2 /* SenTestingKit.framework in Frameworks */ = {isa = PBXBuildFile; fileRef = F6034C20172DA2C4002802F2 /* SenTestingKit.framework */; };
		F6034C22172DA2C4002802F2 /* Cocoa.framework in Frameworks */ = {isa = PBXBuildFile; fileRef = F6034C0A172DA2C4002802F2 /* Cocoa.framework */; };
		F6034C25172DA2C4002802F2 /* CocoaORM.framework in Frameworks */ = {isa = PBXBuildFile; fileRef = F6034C07172DA2C4002802F2 /* CocoaORM.framework */; };
		F6034C2B172DA2C4002802F2 /* InfoPlist.strings in Resources */ = {isa = PBXBuildFile; fileRef = F6034C29172DA2C4002802F2 /* InfoPlist.strings */; };
		F6034C39172DA425002802F2 /* NSObject+CocoaORM.h in Headers */ = {isa = PBXBuildFile; fileRef = F6034C37172DA425002802F2 /* NSObject+CocoaORM.h */; };
		F6034C3A172DA425002802F2 /* NSObject+CocoaORM.m in Sources */ = {isa = PBXBuildFile; fileRef = F6034C38172DA425002802F2 /* NSObject+CocoaORM.m */; };
		F6034C3D172DA602002802F2 /* ORMAttributeDescription.h in Headers */ = {isa = PBXBuildFile; fileRef = F6034C3B172DA602002802F2 /* ORMAttributeDescription.h */; };
		F6034C3E172DA602002802F2 /* ORMAttributeDescription.m in Sources */ = {isa = PBXBuildFile; fileRef = F6034C3C172DA602002802F2 /* ORMAttributeDescription.m */; };
		F6034C42172DA9BD002802F2 /* Person.m in Sources */ = {isa = PBXBuildFile; fileRef = F6034C41172DA9BD002802F2 /* Person.m */; };
		F6034C45172DAA2E002802F2 /* Employee.m in Sources */ = {isa = PBXBuildFile; fileRef = F6034C44172DAA2E002802F2 /* Employee.m */; };
		F6034C48172DAA8E002802F2 /* Chef.m in Sources */ = {isa = PBXBuildFile; fileRef = F6034C47172DAA8E002802F2 /* Chef.m */; };
		F6509EA1172DACF8002A3067 /* CocoaORMSchemaTests.m in Sources */ = {isa = PBXBuildFile; fileRef = F6509EA0172DACF8002A3067 /* CocoaORMSchemaTests.m */; };
		F6509EA8172DAD85002A3067 /* ORMStore.h in Headers */ = {isa = PBXBuildFile; fileRef = F6509EA6172DAD85002A3067 /* ORMStore.h */; };
		F6509EA9172DAD85002A3067 /* ORMStore.m in Sources */ = {isa = PBXBuildFile; fileRef = F6509EA7172DAD85002A3067 /* ORMStore.m */; };
		F6509EAC172DB072002A3067 /* CocoaORMTestCase.m in Sources */ = {isa = PBXBuildFile; fileRef = F6509EAB172DB072002A3067 /* CocoaORMTestCase.m */; };
		F6509EAF172DB118002A3067 /* CocoaORMPropertiesTests.m in Sources */ = {isa = PBXBuildFile; fileRef = F6509EAE172DB118002A3067 /* CocoaORMPropertiesTests.m */; };
/* End PBXBuildFile section */

/* Begin PBXContainerItemProxy section */
		F6034C23172DA2C4002802F2 /* PBXContainerItemProxy */ = {
			isa = PBXContainerItemProxy;
			containerPortal = F6034BFE172DA2C4002802F2 /* Project object */;
			proxyType = 1;
			remoteGlobalIDString = F6034C06172DA2C4002802F2;
			remoteInfo = CocoaORM;
		};
/* End PBXContainerItemProxy section */

/* Begin PBXFileReference section */
		05752A4344DA4481AEA6F6B6 /* Pods-CocoaORMTests.xcconfig */ = {isa = PBXFileReference; includeInIndex = 1; lastKnownFileType = text.xcconfig; name = "Pods-CocoaORMTests.xcconfig"; path = "../Pods/Pods-CocoaORMTests.xcconfig"; sourceTree = SOURCE_ROOT; };
		7EB0015D57414CF396DE7C6B /* libPods.a */ = {isa = PBXFileReference; explicitFileType = archive.ar; includeInIndex = 0; path = libPods.a; sourceTree = BUILT_PRODUCTS_DIR; };
		C361819789444B929A16FAF2 /* Pods.xcconfig */ = {isa = PBXFileReference; includeInIndex = 1; lastKnownFileType = text.xcconfig; name = Pods.xcconfig; path = ../Pods/Pods.xcconfig; sourceTree = SOURCE_ROOT; };
		CCEA1728B22041F794BDE03D /* libPods-CocoaORMTests.a */ = {isa = PBXFileReference; explicitFileType = archive.ar; includeInIndex = 0; path = "libPods-CocoaORMTests.a"; sourceTree = BUILT_PRODUCTS_DIR; };
		F6034C07172DA2C4002802F2 /* CocoaORM.framework */ = {isa = PBXFileReference; explicitFileType = wrapper.framework; includeInIndex = 0; path = CocoaORM.framework; sourceTree = BUILT_PRODUCTS_DIR; };
		F6034C0A172DA2C4002802F2 /* Cocoa.framework */ = {isa = PBXFileReference; lastKnownFileType = wrapper.framework; name = Cocoa.framework; path = System/Library/Frameworks/Cocoa.framework; sourceTree = SDKROOT; };
		F6034C0D172DA2C4002802F2 /* AppKit.framework */ = {isa = PBXFileReference; lastKnownFileType = wrapper.framework; name = AppKit.framework; path = System/Library/Frameworks/AppKit.framework; sourceTree = SDKROOT; };
		F6034C0E172DA2C4002802F2 /* CoreData.framework */ = {isa = PBXFileReference; lastKnownFileType = wrapper.framework; name = CoreData.framework; path = System/Library/Frameworks/CoreData.framework; sourceTree = SDKROOT; };
		F6034C0F172DA2C4002802F2 /* Foundation.framework */ = {isa = PBXFileReference; lastKnownFileType = wrapper.framework; name = Foundation.framework; path = System/Library/Frameworks/Foundation.framework; sourceTree = SDKROOT; };
		F6034C12172DA2C4002802F2 /* CocoaORM-Info.plist */ = {isa = PBXFileReference; lastKnownFileType = text.plist.xml; path = "CocoaORM-Info.plist"; sourceTree = "<group>"; };
		F6034C14172DA2C4002802F2 /* en */ = {isa = PBXFileReference; lastKnownFileType = text.plist.strings; name = en; path = en.lproj/InfoPlist.strings; sourceTree = "<group>"; };
		F6034C16172DA2C4002802F2 /* CocoaORM-Prefix.pch */ = {isa = PBXFileReference; lastKnownFileType = sourcecode.c.h; path = "CocoaORM-Prefix.pch"; sourceTree = "<group>"; };
		F6034C17172DA2C4002802F2 /* CocoaORM.h */ = {isa = PBXFileReference; lastKnownFileType = sourcecode.c.h; path = CocoaORM.h; sourceTree = "<group>"; };
		F6034C1F172DA2C4002802F2 /* CocoaORMTests.octest */ = {isa = PBXFileReference; explicitFileType = wrapper.cfbundle; includeInIndex = 0; path = CocoaORMTests.octest; sourceTree = BUILT_PRODUCTS_DIR; };
		F6034C20172DA2C4002802F2 /* SenTestingKit.framework */ = {isa = PBXFileReference; lastKnownFileType = wrapper.framework; name = SenTestingKit.framework; path = Library/Frameworks/SenTestingKit.framework; sourceTree = DEVELOPER_DIR; };
		F6034C28172DA2C4002802F2 /* CocoaORMTests-Info.plist */ = {isa = PBXFileReference; lastKnownFileType = text.plist.xml; path = "CocoaORMTests-Info.plist"; sourceTree = "<group>"; };
		F6034C2A172DA2C4002802F2 /* en */ = {isa = PBXFileReference; lastKnownFileType = text.plist.strings; name = en; path = en.lproj/InfoPlist.strings; sourceTree = "<group>"; };
		F6034C37172DA425002802F2 /* NSObject+CocoaORM.h */ = {isa = PBXFileReference; fileEncoding = 4; lastKnownFileType = sourcecode.c.h; path = "NSObject+CocoaORM.h"; sourceTree = "<group>"; };
		F6034C38172DA425002802F2 /* NSObject+CocoaORM.m */ = {isa = PBXFileReference; fileEncoding = 4; lastKnownFileType = sourcecode.c.objc; path = "NSObject+CocoaORM.m"; sourceTree = "<group>"; };
		F6034C3B172DA602002802F2 /* ORMAttributeDescription.h */ = {isa = PBXFileReference; fileEncoding = 4; lastKnownFileType = sourcecode.c.h; path = ORMAttributeDescription.h; sourceTree = "<group>"; };
		F6034C3C172DA602002802F2 /* ORMAttributeDescription.m */ = {isa = PBXFileReference; fileEncoding = 4; lastKnownFileType = sourcecode.c.objc; path = ORMAttributeDescription.m; sourceTree = "<group>"; };
		F6034C40172DA9BD002802F2 /* Person.h */ = {isa = PBXFileReference; fileEncoding = 4; lastKnownFileType = sourcecode.c.h; path = Person.h; sourceTree = "<group>"; };
		F6034C41172DA9BD002802F2 /* Person.m */ = {isa = PBXFileReference; fileEncoding = 4; lastKnownFileType = sourcecode.c.objc; path = Person.m; sourceTree = "<group>"; };
		F6034C43172DAA2E002802F2 /* Employee.h */ = {isa = PBXFileReference; fileEncoding = 4; lastKnownFileType = sourcecode.c.h; path = Employee.h; sourceTree = "<group>"; };
		F6034C44172DAA2E002802F2 /* Employee.m */ = {isa = PBXFileReference; fileEncoding = 4; lastKnownFileType = sourcecode.c.objc; path = Employee.m; sourceTree = "<group>"; };
		F6034C46172DAA8E002802F2 /* Chef.h */ = {isa = PBXFileReference; fileEncoding = 4; lastKnownFileType = sourcecode.c.h; path = Chef.h; sourceTree = "<group>"; };
		F6034C47172DAA8E002802F2 /* Chef.m */ = {isa = PBXFileReference; fileEncoding = 4; lastKnownFileType = sourcecode.c.objc; path = Chef.m; sourceTree = "<group>"; };
		F6509E9F172DACF8002A3067 /* CocoaORMSchemaTests.h */ = {isa = PBXFileReference; fileEncoding = 4; lastKnownFileType = sourcecode.c.h; path = CocoaORMSchemaTests.h; sourceTree = "<group>"; };
		F6509EA0172DACF8002A3067 /* CocoaORMSchemaTests.m */ = {isa = PBXFileReference; fileEncoding = 4; lastKnownFileType = sourcecode.c.objc; path = CocoaORMSchemaTests.m; sourceTree = "<group>"; };
		F6509EA6172DAD85002A3067 /* ORMStore.h */ = {isa = PBXFileReference; fileEncoding = 4; lastKnownFileType = sourcecode.c.h; path = ORMStore.h; sourceTree = "<group>"; };
		F6509EA7172DAD85002A3067 /* ORMStore.m */ = {isa = PBXFileReference; fileEncoding = 4; lastKnownFileType = sourcecode.c.objc; path = ORMStore.m; sourceTree = "<group>"; };
		F6509EAA172DB072002A3067 /* CocoaORMTestCase.h */ = {isa = PBXFileReference; fileEncoding = 4; lastKnownFileType = sourcecode.c.h; path = CocoaORMTestCase.h; sourceTree = "<group>"; };
		F6509EAB172DB072002A3067 /* CocoaORMTestCase.m */ = {isa = PBXFileReference; fileEncoding = 4; lastKnownFileType = sourcecode.c.objc; path = CocoaORMTestCase.m; sourceTree = "<group>"; };
		F6509EAD172DB118002A3067 /* CocoaORMPropertiesTests.h */ = {isa = PBXFileReference; fileEncoding = 4; lastKnownFileType = sourcecode.c.h; path = CocoaORMPropertiesTests.h; sourceTree = "<group>"; };
		F6509EAE172DB118002A3067 /* CocoaORMPropertiesTests.m */ = {isa = PBXFileReference; fileEncoding = 4; lastKnownFileType = sourcecode.c.objc; path = CocoaORMPropertiesTests.m; sourceTree = "<group>"; };
/* End PBXFileReference section */

/* Begin PBXFrameworksBuildPhase section */
		F6034C03172DA2C4002802F2 /* Frameworks */ = {
			isa = PBXFrameworksBuildPhase;
			buildActionMask = 2147483647;
			files = (
				F6034C0B172DA2C4002802F2 /* Cocoa.framework in Frameworks */,
				CB0DCC344F974A6E86D6E30B /* libPods.a in Frameworks */,
			);
			runOnlyForDeploymentPostprocessing = 0;
		};
		F6034C1B172DA2C4002802F2 /* Frameworks */ = {
			isa = PBXFrameworksBuildPhase;
			buildActionMask = 2147483647;
			files = (
				F6034C21172DA2C4002802F2 /* SenTestingKit.framework in Frameworks */,
				F6034C22172DA2C4002802F2 /* Cocoa.framework in Frameworks */,
				F6034C25172DA2C4002802F2 /* CocoaORM.framework in Frameworks */,
				AA06123C04534835AA58BF23 /* libPods-CocoaORMTests.a in Frameworks */,
			);
			runOnlyForDeploymentPostprocessing = 0;
		};
/* End PBXFrameworksBuildPhase section */

/* Begin PBXGroup section */
		F6034BFD172DA2C4002802F2 = {
			isa = PBXGroup;
			children = (
				F6034C10172DA2C4002802F2 /* CocoaORM */,
				F6034C26172DA2C4002802F2 /* CocoaORMTests */,
				F6034C09172DA2C4002802F2 /* Frameworks */,
				F6034C08172DA2C4002802F2 /* Products */,
				C361819789444B929A16FAF2 /* Pods.xcconfig */,
				05752A4344DA4481AEA6F6B6 /* Pods-CocoaORMTests.xcconfig */,
			);
			sourceTree = "<group>";
		};
		F6034C08172DA2C4002802F2 /* Products */ = {
			isa = PBXGroup;
			children = (
				F6034C07172DA2C4002802F2 /* CocoaORM.framework */,
				F6034C1F172DA2C4002802F2 /* CocoaORMTests.octest */,
			);
			name = Products;
			sourceTree = "<group>";
		};
		F6034C09172DA2C4002802F2 /* Frameworks */ = {
			isa = PBXGroup;
			children = (
				F6034C0A172DA2C4002802F2 /* Cocoa.framework */,
				F6034C20172DA2C4002802F2 /* SenTestingKit.framework */,
				F6034C0C172DA2C4002802F2 /* Other Frameworks */,
				7EB0015D57414CF396DE7C6B /* libPods.a */,
				CCEA1728B22041F794BDE03D /* libPods-CocoaORMTests.a */,
			);
			name = Frameworks;
			sourceTree = "<group>";
		};
		F6034C0C172DA2C4002802F2 /* Other Frameworks */ = {
			isa = PBXGroup;
			children = (
				F6034C0D172DA2C4002802F2 /* AppKit.framework */,
				F6034C0E172DA2C4002802F2 /* CoreData.framework */,
				F6034C0F172DA2C4002802F2 /* Foundation.framework */,
			);
			name = "Other Frameworks";
			sourceTree = "<group>";
		};
		F6034C10172DA2C4002802F2 /* CocoaORM */ = {
			isa = PBXGroup;
			children = (
				F6034C17172DA2C4002802F2 /* CocoaORM.h */,
				F6034C37172DA425002802F2 /* NSObject+CocoaORM.h */,
				F6034C38172DA425002802F2 /* NSObject+CocoaORM.m */,
				F6034C3B172DA602002802F2 /* ORMAttributeDescription.h */,
				F6034C3C172DA602002802F2 /* ORMAttributeDescription.m */,
				F6509EA6172DAD85002A3067 /* ORMStore.h */,
				F6509EA7172DAD85002A3067 /* ORMStore.m */,
				F6034C11172DA2C4002802F2 /* Supporting Files */,
			);
			path = CocoaORM;
			sourceTree = "<group>";
		};
		F6034C11172DA2C4002802F2 /* Supporting Files */ = {
			isa = PBXGroup;
			children = (
				F6034C12172DA2C4002802F2 /* CocoaORM-Info.plist */,
				F6034C13172DA2C4002802F2 /* InfoPlist.strings */,
				F6034C16172DA2C4002802F2 /* CocoaORM-Prefix.pch */,
			);
			name = "Supporting Files";
			sourceTree = "<group>";
		};
		F6034C26172DA2C4002802F2 /* CocoaORMTests */ = {
			isa = PBXGroup;
			children = (
				F6034C3F172DA9AD002802F2 /* Model */,
				F6509EAA172DB072002A3067 /* CocoaORMTestCase.h */,
				F6509EAB172DB072002A3067 /* CocoaORMTestCase.m */,
				F6509E9F172DACF8002A3067 /* CocoaORMSchemaTests.h */,
				F6509EA0172DACF8002A3067 /* CocoaORMSchemaTests.m */,
				F6509EAD172DB118002A3067 /* CocoaORMPropertiesTests.h */,
				F6509EAE172DB118002A3067 /* CocoaORMPropertiesTests.m */,
				F6034C27172DA2C4002802F2 /* Supporting Files */,
			);
			path = CocoaORMTests;
			sourceTree = "<group>";
		};
		F6034C27172DA2C4002802F2 /* Supporting Files */ = {
			isa = PBXGroup;
			children = (
				F6034C28172DA2C4002802F2 /* CocoaORMTests-Info.plist */,
				F6034C29172DA2C4002802F2 /* InfoPlist.strings */,
			);
			name = "Supporting Files";
			sourceTree = "<group>";
		};
		F6034C3F172DA9AD002802F2 /* Model */ = {
			isa = PBXGroup;
			children = (
				F6034C40172DA9BD002802F2 /* Person.h */,
				F6034C41172DA9BD002802F2 /* Person.m */,
				F6034C43172DAA2E002802F2 /* Employee.h */,
				F6034C44172DAA2E002802F2 /* Employee.m */,
				F6034C46172DAA8E002802F2 /* Chef.h */,
				F6034C47172DAA8E002802F2 /* Chef.m */,
			);
			name = Model;
			sourceTree = "<group>";
		};
/* End PBXGroup section */

/* Begin PBXHeadersBuildPhase section */
		F6034C04172DA2C4002802F2 /* Headers */ = {
			isa = PBXHeadersBuildPhase;
			buildActionMask = 2147483647;
			files = (
				F6034C39172DA425002802F2 /* NSObject+CocoaORM.h in Headers */,
				F6034C3D172DA602002802F2 /* ORMAttributeDescription.h in Headers */,
				F6509EA8172DAD85002A3067 /* ORMStore.h in Headers */,
			);
			runOnlyForDeploymentPostprocessing = 0;
		};
/* End PBXHeadersBuildPhase section */

/* Begin PBXNativeTarget section */
		F6034C06172DA2C4002802F2 /* CocoaORM */ = {
			isa = PBXNativeTarget;
			buildConfigurationList = F6034C31172DA2C4002802F2 /* Build configuration list for PBXNativeTarget "CocoaORM" */;
			buildPhases = (
				458CAF55560B49DFB3F225AC /* Check Pods Manifest.lock */,
				F6034C02172DA2C4002802F2 /* Sources */,
				F6034C03172DA2C4002802F2 /* Frameworks */,
				F6034C04172DA2C4002802F2 /* Headers */,
				F6034C05172DA2C4002802F2 /* Resources */,
				90CC68484CA0470FA4A87016 /* Copy Pods Resources */,
			);
			buildRules = (
			);
			dependencies = (
			);
			name = CocoaORM;
			productName = CocoaORM;
			productReference = F6034C07172DA2C4002802F2 /* CocoaORM.framework */;
			productType = "com.apple.product-type.framework";
		};
		F6034C1E172DA2C4002802F2 /* CocoaORMTests */ = {
			isa = PBXNativeTarget;
			buildConfigurationList = F6034C34172DA2C4002802F2 /* Build configuration list for PBXNativeTarget "CocoaORMTests" */;
			buildPhases = (
				528AF482BABC4623AA02CAEA /* Check Pods Manifest.lock */,
				F6034C1A172DA2C4002802F2 /* Sources */,
				F6034C1B172DA2C4002802F2 /* Frameworks */,
				F6034C1C172DA2C4002802F2 /* Resources */,
				F6034C1D172DA2C4002802F2 /* ShellScript */,
				26471158EB5F4270A733CA97 /* Copy Pods Resources */,
			);
			buildRules = (
			);
			dependencies = (
				F6034C24172DA2C4002802F2 /* PBXTargetDependency */,
			);
			name = CocoaORMTests;
			productName = CocoaORMTests;
			productReference = F6034C1F172DA2C4002802F2 /* CocoaORMTests.octest */;
			productType = "com.apple.product-type.bundle";
		};
/* End PBXNativeTarget section */

/* Begin PBXProject section */
		F6034BFE172DA2C4002802F2 /* Project object */ = {
			isa = PBXProject;
			attributes = {
				LastUpgradeCheck = 0460;
				ORGANIZATIONNAME = "Tobias Kräntzer";
			};
			buildConfigurationList = F6034C01172DA2C4002802F2 /* Build configuration list for PBXProject "CocoaORM" */;
			compatibilityVersion = "Xcode 3.2";
			developmentRegion = English;
			hasScannedForEncodings = 0;
			knownRegions = (
				en,
			);
			mainGroup = F6034BFD172DA2C4002802F2;
			productRefGroup = F6034C08172DA2C4002802F2 /* Products */;
			projectDirPath = "";
			projectRoot = "";
			targets = (
				F6034C06172DA2C4002802F2 /* CocoaORM */,
				F6034C1E172DA2C4002802F2 /* CocoaORMTests */,
			);
		};
/* End PBXProject section */

/* Begin PBXResourcesBuildPhase section */
		F6034C05172DA2C4002802F2 /* Resources */ = {
			isa = PBXResourcesBuildPhase;
			buildActionMask = 2147483647;
			files = (
				F6034C15172DA2C4002802F2 /* InfoPlist.strings in Resources */,
			);
			runOnlyForDeploymentPostprocessing = 0;
		};
		F6034C1C172DA2C4002802F2 /* Resources */ = {
			isa = PBXResourcesBuildPhase;
			buildActionMask = 2147483647;
			files = (
				F6034C2B172DA2C4002802F2 /* InfoPlist.strings in Resources */,
			);
			runOnlyForDeploymentPostprocessing = 0;
		};
/* End PBXResourcesBuildPhase section */

/* Begin PBXShellScriptBuildPhase section */
		26471158EB5F4270A733CA97 /* Copy Pods Resources */ = {
			isa = PBXShellScriptBuildPhase;
			buildActionMask = 2147483647;
			files = (
			);
			inputPaths = (
			);
			name = "Copy Pods Resources";
			outputPaths = (
			);
			runOnlyForDeploymentPostprocessing = 0;
			shellPath = /bin/sh;
			shellScript = "\"${SRCROOT}/../Pods/Pods-CocoaORMTests-resources.sh\"\n";
		};
		458CAF55560B49DFB3F225AC /* Check Pods Manifest.lock */ = {
			isa = PBXShellScriptBuildPhase;
			buildActionMask = 2147483647;
			files = (
			);
			inputPaths = (
			);
			name = "Check Pods Manifest.lock";
			outputPaths = (
			);
			runOnlyForDeploymentPostprocessing = 0;
			shellPath = /bin/sh;
			shellScript = "diff \"${PODS_ROOT}/../Podfile.lock\" \"${PODS_ROOT}/Manifest.lock\" > /dev/null\nif [[ $? != 0 ]] ; then\n    cat << EOM\nerror: The sanbox is not in sync with the Podfile.lock. Run 'pod install'.\nEOM\n    exit 1\nfi\n";
		};
		528AF482BABC4623AA02CAEA /* Check Pods Manifest.lock */ = {
			isa = PBXShellScriptBuildPhase;
			buildActionMask = 2147483647;
			files = (
			);
			inputPaths = (
			);
			name = "Check Pods Manifest.lock";
			outputPaths = (
			);
			runOnlyForDeploymentPostprocessing = 0;
			shellPath = /bin/sh;
			shellScript = "diff \"${PODS_ROOT}/../Podfile.lock\" \"${PODS_ROOT}/Manifest.lock\" > /dev/null\nif [[ $? != 0 ]] ; then\n    cat << EOM\nerror: The sanbox is not in sync with the Podfile.lock. Run 'pod install'.\nEOM\n    exit 1\nfi\n";
		};
		90CC68484CA0470FA4A87016 /* Copy Pods Resources */ = {
			isa = PBXShellScriptBuildPhase;
			buildActionMask = 2147483647;
			files = (
			);
			inputPaths = (
			);
			name = "Copy Pods Resources";
			outputPaths = (
			);
			runOnlyForDeploymentPostprocessing = 0;
			shellPath = /bin/sh;
			shellScript = "\"${SRCROOT}/../Pods/Pods-resources.sh\"\n";
		};
		F6034C1D172DA2C4002802F2 /* ShellScript */ = {
			isa = PBXShellScriptBuildPhase;
			buildActionMask = 2147483647;
			files = (
			);
			inputPaths = (
			);
			outputPaths = (
			);
			runOnlyForDeploymentPostprocessing = 0;
			shellPath = /bin/sh;
			shellScript = "# Run the unit tests in this test bundle.\n\"${SYSTEM_DEVELOPER_DIR}/Tools/RunUnitTests\"\n";
		};
/* End PBXShellScriptBuildPhase section */

/* Begin PBXSourcesBuildPhase section */
		F6034C02172DA2C4002802F2 /* Sources */ = {
			isa = PBXSourcesBuildPhase;
			buildActionMask = 2147483647;
			files = (
				F6034C3A172DA425002802F2 /* NSObject+CocoaORM.m in Sources */,
				F6034C3E172DA602002802F2 /* ORMAttributeDescription.m in Sources */,
				F6509EA9172DAD85002A3067 /* ORMStore.m in Sources */,
			);
			runOnlyForDeploymentPostprocessing = 0;
		};
		F6034C1A172DA2C4002802F2 /* Sources */ = {
			isa = PBXSourcesBuildPhase;
			buildActionMask = 2147483647;
			files = (
				F6034C42172DA9BD002802F2 /* Person.m in Sources */,
				F6034C45172DAA2E002802F2 /* Employee.m in Sources */,
				F6034C48172DAA8E002802F2 /* Chef.m in Sources */,
				F6509EA1172DACF8002A3067 /* CocoaORMSchemaTests.m in Sources */,
				F6509EAC172DB072002A3067 /* CocoaORMTestCase.m in Sources */,
				F6509EAF172DB118002A3067 /* CocoaORMPropertiesTests.m in Sources */,
			);
			runOnlyForDeploymentPostprocessing = 0;
		};
/* End PBXSourcesBuildPhase section */

/* Begin PBXTargetDependency section */
		F6034C24172DA2C4002802F2 /* PBXTargetDependency */ = {
			isa = PBXTargetDependency;
			target = F6034C06172DA2C4002802F2 /* CocoaORM */;
			targetProxy = F6034C23172DA2C4002802F2 /* PBXContainerItemProxy */;
		};
/* End PBXTargetDependency section */

/* Begin PBXVariantGroup section */
		F6034C13172DA2C4002802F2 /* InfoPlist.strings */ = {
			isa = PBXVariantGroup;
			children = (
				F6034C14172DA2C4002802F2 /* en */,
			);
			name = InfoPlist.strings;
			sourceTree = "<group>";
		};
		F6034C29172DA2C4002802F2 /* InfoPlist.strings */ = {
			isa = PBXVariantGroup;
			children = (
				F6034C2A172DA2C4002802F2 /* en */,
			);
			name = InfoPlist.strings;
			sourceTree = "<group>";
		};
/* End PBXVariantGroup section */

/* Begin XCBuildConfiguration section */
		F6034C2F172DA2C4002802F2 /* Debug */ = {
			isa = XCBuildConfiguration;
			buildSettings = {
				ALWAYS_SEARCH_USER_PATHS = NO;
				ARCHS = "$(ARCHS_STANDARD_64_BIT)";
				CLANG_CXX_LANGUAGE_STANDARD = "gnu++0x";
				CLANG_CXX_LIBRARY = "libc++";
				CLANG_ENABLE_OBJC_ARC = YES;
				CLANG_WARN_CONSTANT_CONVERSION = YES;
				CLANG_WARN_EMPTY_BODY = YES;
				CLANG_WARN_ENUM_CONVERSION = YES;
				CLANG_WARN_INT_CONVERSION = YES;
				CLANG_WARN__DUPLICATE_METHOD_MATCH = YES;
				COPY_PHASE_STRIP = NO;
				GCC_C_LANGUAGE_STANDARD = gnu99;
				GCC_DYNAMIC_NO_PIC = NO;
				GCC_ENABLE_OBJC_EXCEPTIONS = YES;
				GCC_OPTIMIZATION_LEVEL = 0;
				GCC_PREPROCESSOR_DEFINITIONS = (
					"DEBUG=1",
					"$(inherited)",
				);
				GCC_SYMBOLS_PRIVATE_EXTERN = NO;
				GCC_WARN_64_TO_32_BIT_CONVERSION = YES;
				GCC_WARN_ABOUT_RETURN_TYPE = YES;
				GCC_WARN_UNINITIALIZED_AUTOS = YES;
				GCC_WARN_UNUSED_VARIABLE = YES;
				MACOSX_DEPLOYMENT_TARGET = 10.8;
				ONLY_ACTIVE_ARCH = YES;
				SDKROOT = macosx;
			};
			name = Debug;
		};
		F6034C30172DA2C4002802F2 /* Release */ = {
			isa = XCBuildConfiguration;
			buildSettings = {
				ALWAYS_SEARCH_USER_PATHS = NO;
				ARCHS = "$(ARCHS_STANDARD_64_BIT)";
				CLANG_CXX_LANGUAGE_STANDARD = "gnu++0x";
				CLANG_CXX_LIBRARY = "libc++";
				CLANG_ENABLE_OBJC_ARC = YES;
				CLANG_WARN_CONSTANT_CONVERSION = YES;
				CLANG_WARN_EMPTY_BODY = YES;
				CLANG_WARN_ENUM_CONVERSION = YES;
				CLANG_WARN_INT_CONVERSION = YES;
				CLANG_WARN__DUPLICATE_METHOD_MATCH = YES;
				COPY_PHASE_STRIP = YES;
				DEBUG_INFORMATION_FORMAT = "dwarf-with-dsym";
				GCC_C_LANGUAGE_STANDARD = gnu99;
				GCC_ENABLE_OBJC_EXCEPTIONS = YES;
				GCC_WARN_64_TO_32_BIT_CONVERSION = YES;
				GCC_WARN_ABOUT_RETURN_TYPE = YES;
				GCC_WARN_UNINITIALIZED_AUTOS = YES;
				GCC_WARN_UNUSED_VARIABLE = YES;
				MACOSX_DEPLOYMENT_TARGET = 10.8;
				SDKROOT = macosx;
			};
			name = Release;
		};
		F6034C32172DA2C4002802F2 /* Debug */ = {
			isa = XCBuildConfiguration;
			baseConfigurationReference = C361819789444B929A16FAF2 /* Pods.xcconfig */;
			buildSettings = {
				COMBINE_HIDPI_IMAGES = YES;
				DYLIB_COMPATIBILITY_VERSION = 1;
				DYLIB_CURRENT_VERSION = 1;
				FRAMEWORK_VERSION = A;
				GCC_PRECOMPILE_PREFIX_HEADER = YES;
				GCC_PREFIX_HEADER = "CocoaORM/CocoaORM-Prefix.pch";
				INFOPLIST_FILE = "CocoaORM/CocoaORM-Info.plist";
				PRODUCT_NAME = "$(TARGET_NAME)";
				WRAPPER_EXTENSION = framework;
			};
			name = Debug;
		};
		F6034C33172DA2C4002802F2 /* Release */ = {
			isa = XCBuildConfiguration;
			baseConfigurationReference = C361819789444B929A16FAF2 /* Pods.xcconfig */;
			buildSettings = {
				COMBINE_HIDPI_IMAGES = YES;
				DYLIB_COMPATIBILITY_VERSION = 1;
				DYLIB_CURRENT_VERSION = 1;
				FRAMEWORK_VERSION = A;
				GCC_PRECOMPILE_PREFIX_HEADER = YES;
				GCC_PREFIX_HEADER = "CocoaORM/CocoaORM-Prefix.pch";
				INFOPLIST_FILE = "CocoaORM/CocoaORM-Info.plist";
				PRODUCT_NAME = "$(TARGET_NAME)";
				WRAPPER_EXTENSION = framework;
			};
			name = Release;
		};
		F6034C35172DA2C4002802F2 /* Debug */ = {
			isa = XCBuildConfiguration;
			baseConfigurationReference = 05752A4344DA4481AEA6F6B6 /* Pods-CocoaORMTests.xcconfig */;
			buildSettings = {
				COMBINE_HIDPI_IMAGES = YES;
				FRAMEWORK_SEARCH_PATHS = "\"$(DEVELOPER_LIBRARY_DIR)/Frameworks\"";
				GCC_PRECOMPILE_PREFIX_HEADER = YES;
				GCC_PREFIX_HEADER = "CocoaORM/CocoaORM-Prefix.pch";
				INFOPLIST_FILE = "CocoaORMTests/CocoaORMTests-Info.plist";
				PRODUCT_NAME = "$(TARGET_NAME)";
				WRAPPER_EXTENSION = octest;
			};
			name = Debug;
		};
		F6034C36172DA2C4002802F2 /* Release */ = {
			isa = XCBuildConfiguration;
			baseConfigurationReference = 05752A4344DA4481AEA6F6B6 /* Pods-CocoaORMTests.xcconfig */;
			buildSettings = {
				COMBINE_HIDPI_IMAGES = YES;
				FRAMEWORK_SEARCH_PATHS = "\"$(DEVELOPER_LIBRARY_DIR)/Frameworks\"";
				GCC_PRECOMPILE_PREFIX_HEADER = YES;
				GCC_PREFIX_HEADER = "CocoaORM/CocoaORM-Prefix.pch";
				INFOPLIST_FILE = "CocoaORMTests/CocoaORMTests-Info.plist";
				PRODUCT_NAME = "$(TARGET_NAME)";
				WRAPPER_EXTENSION = octest;
			};
			name = Release;
		};
/* End XCBuildConfiguration section */

/* Begin XCConfigurationList section */
		F6034C01172DA2C4002802F2 /* Build configuration list for PBXProject "CocoaORM" */ = {
			isa = XCConfigurationList;
			buildConfigurations = (
				F6034C2F172DA2C4002802F2 /* Debug */,
				F6034C30172DA2C4002802F2 /* Release */,
			);
			defaultConfigurationIsVisible = 0;
			defaultConfigurationName = Release;
		};
		F6034C31172DA2C4002802F2 /* Build configuration list for PBXNativeTarget "CocoaORM" */ = {
			isa = XCConfigurationList;
			buildConfigurations = (
				F6034C32172DA2C4002802F2 /* Debug */,
				F6034C33172DA2C4002802F2 /* Release */,
			);
			defaultConfigurationIsVisible = 0;
			defaultConfigurationName = Release;
		};
		F6034C34172DA2C4002802F2 /* Build configuration list for PBXNativeTarget "CocoaORMTests" */ = {
			isa = XCConfigurationList;
			buildConfigurations = (
				F6034C35172DA2C4002802F2 /* Debug */,
				F6034C36172DA2C4002802F2 /* Release */,
			);
			defaultConfigurationIsVisible = 0;
			defaultConfigurationName = Release;
		};
/* End XCConfigurationList section */
	};
	rootObject = F6034BFE172DA2C4002802F2 /* Project object */;
}
